
Microsoft Visual Studio Solution File, Format Version 12.00
# Visual Studio 14
VisualStudioVersion = 14.0.25420.1
MinimumVisualStudioVersion = 10.0.40219.1
Project("{FAE04EC0-301F-11D3-BF4B-00C04F79EFBC}") = "HubNotes", "HubNotes\HubNotes.csproj", "{391519C5-8E01-49FE-9AB8-14823564C11B}"
EndProject
Project("{FAE04EC0-301F-11D3-BF4B-00C04F79EFBC}") = "HubNotes.Tests", "HubNotes.Tests\HubNotes.Tests.csproj", "{5C5342E7-800B-49DE-9ED3-05A4CD3E19DE}"
EndProject
Global
	GlobalSection(SolutionConfigurationPlatforms) = preSolution
		Debug|Any CPU = Debug|Any CPU
		Release|Any CPU = Release|Any CPU
	EndGlobalSection
	GlobalSection(ProjectConfigurationPlatforms) = postSolution
		{391519C5-8E01-49FE-9AB8-14823564C11B}.Debug|Any CPU.ActiveCfg = Debug|Any CPU
		{391519C5-8E01-49FE-9AB8-14823564C11B}.Debug|Any CPU.Build.0 = Debug|Any CPU
		{391519C5-8E01-49FE-9AB8-14823564C11B}.Release|Any CPU.ActiveCfg = Release|Any CPU
		{391519C5-8E01-49FE-9AB8-14823564C11B}.Release|Any CPU.Build.0 = Release|Any CPU
		{5C5342E7-800B-49DE-9ED3-05A4CD3E19DE}.Debug|Any CPU.ActiveCfg = Debug|Any CPU
		{5C5342E7-800B-49DE-9ED3-05A4CD3E19DE}.Debug|Any CPU.Build.0 = Debug|Any CPU
		{5C5342E7-800B-49DE-9ED3-05A4CD3E19DE}.Release|Any CPU.ActiveCfg = Release|Any CPU
		{5C5342E7-800B-49DE-9ED3-05A4CD3E19DE}.Release|Any CPU.Build.0 = Release|Any CPU
	EndGlobalSection
	GlobalSection(SolutionProperties) = preSolution
		HideSolutionNode = FALSE
	EndGlobalSection
EndGlobal
